
Microsoft Visual Studio Solution File, Format Version 12.00
# Visual Studio Version 16
VisualStudioVersion = 16.0.809.4
MinimumVisualStudioVersion = 10.0.40219.1
Project("{FAE04EC0-301F-11D3-BF4B-00C04F79EFBC}") = "Restaurant", "Restaurant\Restaurant.csproj", "{F2589E73-615E-42AA-9B0A-4825A4D3157B}"
EndProject
Global
	GlobalSection(SolutionConfigurationPlatforms) = preSolution
		Debug|Any CPU = Debug|Any CPU
		Release|Any CPU = Release|Any CPU
	EndGlobalSection
	GlobalSection(ProjectConfigurationPlatforms) = postSolution
		{F2589E73-615E-42AA-9B0A-4825A4D3157B}.Debug|Any CPU.ActiveCfg = Debug|Any CPU
		{F2589E73-615E-42AA-9B0A-4825A4D3157B}.Debug|Any CPU.Build.0 = Debug|Any CPU
		{F2589E73-615E-42AA-9B0A-4825A4D3157B}.Release|Any CPU.ActiveCfg = Release|Any CPU
		{F2589E73-615E-42AA-9B0A-4825A4D3157B}.Release|Any CPU.Build.0 = Release|Any CPU
	EndGlobalSection
	GlobalSection(SolutionProperties) = preSolution
		HideSolutionNode = FALSE
	EndGlobalSection
	GlobalSection(ExtensibilityGlobals) = postSolution
		SolutionGuid = {0E7E68EF-51FB-439E-B98A-50D3BA9A9B17}
	EndGlobalSection
EndGlobal
